<?xml version="1.0" encoding="utf-8"?>
<Project ToolsVersion="4.0" xmlns="http://schemas.microsoft.com/developer/msbuild/2003">
  <ItemGroup>
    <Filter Include="Source Files">
      <UniqueIdentifier>{4FC737F1-C7A5-4376-A066-2A32D752A2FF}</UniqueIdentifier>
      <Extensions>cpp;c;cc;cxx;def;odl;idl;hpj;bat;asm;asmx</Extensions>
    </Filter>
    <Filter Include="Header Files">
      <UniqueIdentifier>{93995380-89BD-4b04-88EB-625FBE52EBFB}</UniqueIdentifier>
      <Extensions>h;hh;hpp;hxx;hm;inl;inc;xsd</Extensions>
    </Filter>
    <Filter Include="Resource Files">
      <UniqueIdentifier>{D9D6E242-F8AF-46E4-B9FD-80ECBC20BA3E}</UniqueIdentifier>
      <Extensions>qrc;*</Extensions>
      <ParseFiles>false</ParseFiles>
    </Filter>
    <Filter Include="Form Files">
      <UniqueIdentifier>{99349809-55BA-4b9d-BF79-8FDBB0286EB3}</UniqueIdentifier>
      <Extensions>ui</Extensions>
    </Filter>
    <Filter Include="Resource Files">
      <UniqueIdentifier>{D9D6E242-F8AF-46E4-B9FD-80ECBC20BA3E}</UniqueIdentifier>
      <Extensions>qrc;*</Extensions>
      <ParseFiles>false</ParseFiles>
    </Filter>
    <Filter Include="Generated Files">
      <UniqueIdentifier>{71ED8ED8-ACB9-4CE9-BBE1-E00B30144E11}</UniqueIdentifier>
      <Extensions>moc;h;cpp</Extensions>
      <SourceControlFiles>False</SourceControlFiles>
    </Filter>
    <Filter Include="Source Files\ffmpeg">
      <UniqueIdentifier>{40f3aed4-437e-42a1-892f-f9ebc421d9fe}</UniqueIdentifier>
    </Filter>
    <Filter Include="Source Files\ffmpeg\lib">
      <UniqueIdentifier>{085c4e15-004b-4139-9f86-8cb363d90be6}</UniqueIdentifier>
    </Filter>
    <Filter Include="Source Files\sdl">
      <UniqueIdentifier>{d3e276a2-21ae-4442-98e4-f7a1b4d3f820}</UniqueIdentifier>
    </Filter>
    <Filter Include="Source Files\sdl\lib">
      <UniqueIdentifier>{aff5f603-882f-44e4-bf63-6bf0861f31cd}</UniqueIdentifier>
    </Filter>
    <Filter Include="Source Files\mplayer">
      <UniqueIdentifier>{ad184e4d-3d92-46e2-a640-8aa89b13cc5a}</UniqueIdentifier>
    </Filter>
  </ItemGroup>
  <ItemGroup>
    <ClCompile Include="main.cpp">
      <Filter>Source Files</Filter>
    </ClCompile>
    <ClCompile Include="JaysMPlayer.cpp">
      <Filter>Source Files</Filter>
    </ClCompile>
    <ClCompile Include="mplayer\mp_ffmpeg_info.cpp">
      <Filter>Source Files\mplayer</Filter>
    </ClCompile>
    <ClCompile Include="mplayer\mp_sdl_play.cpp">
      <Filter>Source Files\mplayer</Filter>
    </ClCompile>
    <ClCompile Include="mplayer\mp_ffmpeg_decode.cpp">
      <Filter>Source Files\mplayer</Filter>
    </ClCompile>
    <ClCompile Include="mplayer\mp_ffmpeg_decode2.cpp">
      <Filter>Source Files\mplayer</Filter>
    </ClCompile>
    <ClCompile Include="mplayer\mp_ffmpeg_encode.cpp">
      <Filter>Source Files\mplayer</Filter>
    </ClCompile>
  </ItemGroup>
  <ItemGroup>
    <QtMoc Include="JaysMPlayer.h">
      <Filter>Header Files</Filter>
    </QtMoc>
  </ItemGroup>
  <ItemGroup>
    <QtUic Include="JaysMPlayer.ui">
      <Filter>Form Files</Filter>
    </QtUic>
  </ItemGroup>
  <ItemGroup>
    <QtRcc Include="JaysMPlayer.qrc">
      <Filter>Resource Files</Filter>
    </QtRcc>
  </ItemGroup>
  <ItemGroup>
    <ClInclude Include="mplayer\mp_ffmpeg_info.h">
      <Filter>Source Files\mplayer</Filter>
    </ClInclude>
    <ClInclude Include="mplayer\mp_sdl_play.h">
      <Filter>Source Files\mplayer</Filter>
    </ClInclude>
    <ClInclude Include="mplayer\mp_ffmpeg_decode.h">
      <Filter>Source Files\mplayer</Filter>
    </ClInclude>
    <ClInclude Include="mplayer\mp_ffmpeg_decode2.h">
      <Filter>Source Files\mplayer</Filter>
    </ClInclude>
    <ClInclude Include="mplayer\mp_ffmpeg_encode.h">
      <Filter>Source Files\mplayer</Filter>
    </ClInclude>
  </ItemGroup>
  <ItemGroup>
    <Library Include="middleware\sdl\lib\x64\SDL2.lib">
      <Filter>Source Files\sdl\lib</Filter>
    </Library>
    <Library Include="middleware\sdl\lib\x64\SDL2main.lib">
      <Filter>Source Files\sdl\lib</Filter>
    </Library>
    <Library Include="middleware\ffmpeg\lib\avcodec.lib">
      <Filter>Source Files\ffmpeg\lib</Filter>
    </Library>
    <Library Include="middleware\ffmpeg\lib\avdevice.lib">
      <Filter>Source Files\ffmpeg\lib</Filter>
    </Library>
    <Library Include="middleware\ffmpeg\lib\avfilter.lib">
      <Filter>Source Files\ffmpeg\lib</Filter>
    </Library>
    <Library Include="middleware\ffmpeg\lib\avformat.lib">
      <Filter>Source Files\ffmpeg\lib</Filter>
    </Library>
    <Library Include="middleware\ffmpeg\lib\avutil.lib">
      <Filter>Source Files\ffmpeg\lib</Filter>
    </Library>
    <Library Include="middleware\ffmpeg\lib\libavcodec.dll.a">
      <Filter>Source Files\ffmpeg\lib</Filter>
    </Library>
    <Library Include="middleware\ffmpeg\lib\libavdevice.dll.a">
      <Filter>Source Files\ffmpeg\lib</Filter>
    </Library>
    <Library Include="middleware\ffmpeg\lib\libavfilter.dll.a">
      <Filter>Source Files\ffmpeg\lib</Filter>
    </Library>
    <Library Include="middleware\ffmpeg\lib\libavformat.dll.a">
      <Filter>Source Files\ffmpeg\lib</Filter>
    </Library>
    <Library Include="middleware\ffmpeg\lib\libavutil.dll.a">
      <Filter>Source Files\ffmpeg\lib</Filter>
    </Library>
    <Library Include="middleware\ffmpeg\lib\libpostproc.dll.a">
      <Filter>Source Files\ffmpeg\lib</Filter>
    </Library>
    <Library Include="middleware\ffmpeg\lib\libswresample.dll.a">
      <Filter>Source Files\ffmpeg\lib</Filter>
    </Library>
    <Library Include="middleware\ffmpeg\lib\libswscale.dll.a">
      <Filter>Source Files\ffmpeg\lib</Filter>
    </Library>
    <Library Include="middleware\ffmpeg\lib\postproc.lib">
      <Filter>Source Files\ffmpeg\lib</Filter>
    </Library>
    <Library Include="middleware\ffmpeg\lib\swresample.lib">
      <Filter>Source Files\ffmpeg\lib</Filter>
    </Library>
    <Library Include="middleware\ffmpeg\lib\swscale.lib">
      <Filter>Source Files\ffmpeg\lib</Filter>
    </Library>
  </ItemGroup>
  <ItemGroup>
    <None Include="middleware\ffmpeg\lib\avcodec-57.def">
      <Filter>Source Files\ffmpeg\lib</Filter>
    </None>
    <None Include="middleware\ffmpeg\lib\avdevice-57.def">
      <Filter>Source Files\ffmpeg\lib</Filter>
    </None>
    <None Include="middleware\ffmpeg\lib\avfilter-6.def">
      <Filter>Source Files\ffmpeg\lib</Filter>
    </None>
    <None Include="middleware\ffmpeg\lib\avformat-57.def">
      <Filter>Source Files\ffmpeg\lib</Filter>
    </None>
    <None Include="middleware\ffmpeg\lib\avutil-55.def">
      <Filter>Source Files\ffmpeg\lib</Filter>
    </None>
    <None Include="middleware\ffmpeg\lib\postproc-54.def">
      <Filter>Source Files\ffmpeg\lib</Filter>
    </None>
    <None Include="middleware\ffmpeg\lib\swresample-2.def">
      <Filter>Source Files\ffmpeg\lib</Filter>
    </None>
    <None Include="middleware\ffmpeg\lib\swscale-4.def">
      <Filter>Source Files\ffmpeg\lib</Filter>
    </None>
  </ItemGroup>
</Project>